code.google.com/p/go.crypto #69e2a90ed92d03812364aeb947b7068dc42e561e
code.google.com/p/google-api-go-client #6ddfebb10ece847f1ae09c701834f1b15abbd8b2
code.google.com/p/gosshold #9dd3b6b6e7b3e1b7f30c2b58c5ec5fff6bf9feff
github.com/ActiveState/tail #4b368d1590196ade29993d6a0896591403180bbd
github.com/going/toolkit #5bff591dc40da25dcc875d3fa1a3373d74d45411
github.com/hashicorp/atlas-go #f4e02fc09fd7f3d96e78cd780d0a937e08a24c80
github.com/hashicorp/go-checkpoint #528ab62f37fa83d4360e8ab2b2c425d6692ef533
github.com/hashicorp/go-msgpack #fa3f63826f7c23912c15263591e65d54d080b458
github.com/hashicorp/go-version #2b9865f60ce11e527bd1255ba82036d465570aa3
github.com/hashicorp/yamux #ddcd0a6ec7c55e29f235e27935bf98d302281bd3
github.com/mitchellh/cli #8102d0ed5ea2709ade1243798785888175f6e415
github.com/mitchellh/go-fs #a34c1b9334e86165685a9449b782f20465eb8c69
github.com/mitchellh/go-vnc #723ed9867aed0f3209a81151e52ddc61681f0b01
github.com/mitchellh/goamz #caaaea8b30ee15616494ee68abd5d8ebbbef05cf
github.com/mitchellh/gophercloud-fork-40444fb #40444fbc2b10960682b34e6822eb9179216e1ae1
github.com/mitchellh/iochan #87b45ffd0e9581375c491fef3d32130bb15c5bd7
github.com/mitchellh/mapstructure #281073eb9eb092240d33ef253c404f1cca550309
github.com/mitchellh/multistep #162146fc57112954184d90266f4733e900ed05a5
github.com/mitchellh/osext #0dd3f918b21bec95ace9dc86c7e70266cfc5c702
github.com/mitchellh/packer #v0.7.5
github.com/mitchellh/panicwrap #1655d88c8ff7495ae9d2c19fd8f445f4657e22b0
github.com/mitchellh/prefixedio #89d9b535996bf0a185f85b59578f2e245f9e1724
github.com/racker/perigee #44a7879d89b7040bcdb51164a83292ef5bf9deec
github.com/vaughan0/go-ini #a98ad7ee00ec53921f08832bc06ecf7fd600e6a1
golang.org/x/crypto #e74b0352e547e3830f8471e7ae9609239c52606f
golang.org/x/net #03affa02f16950ea3188823456766ed60bfed9bb
golang.org/x/oauth2 #c30abeebd1a0c41f6e0d9ad6d26fd9daf8aff7d6
google.golang.org/cloud #bcca3e9735c32623447eb043e6eb5ce1d83065e9
gopkg.in/fsnotify.v0 #ea925a0a47d225b2ca7f9932b01d2ed4f3ec74f6
gopkg.in/tomb.v1 #dd632973f1e7218eb1089048e0798ec9ae7dceb8
